
Microsoft Visual Studio Solution File, Format Version 12.00
# Visual Studio Version 17
VisualStudioVersion = 17.2.32602.215
MinimumVisualStudioVersion = 10.0.40219.1
Project("{9A19103F-16F7-4668-BE54-9A1E7A4F7556}") = "N5_Challenge_API", "N5_Challenge_API\N5_Challenge_API.csproj", "{6D191FDB-8A9D-44C1-BFC3-C0F7A668F851}"
EndProject
Project("{FAE04EC0-301F-11D3-BF4B-00C04F79EFBC}") = "N5_Challenge.Test", "N5_Challenge.Test\N5_Challenge.Test.csproj", "{06B81ADD-17E9-42F0-8DE3-18584E92B3F6}"
EndProject
Global
	GlobalSection(SolutionConfigurationPlatforms) = preSolution
		Debug|Any CPU = Debug|Any CPU
		Release|Any CPU = Release|Any CPU
	EndGlobalSection
	GlobalSection(ProjectConfigurationPlatforms) = postSolution
		{6D191FDB-8A9D-44C1-BFC3-C0F7A668F851}.Debug|Any CPU.ActiveCfg = Debug|Any CPU
		{6D191FDB-8A9D-44C1-BFC3-C0F7A668F851}.Debug|Any CPU.Build.0 = Debug|Any CPU
		{6D191FDB-8A9D-44C1-BFC3-C0F7A668F851}.Release|Any CPU.ActiveCfg = Release|Any CPU
		{6D191FDB-8A9D-44C1-BFC3-C0F7A668F851}.Release|Any CPU.Build.0 = Release|Any CPU
		{06B81ADD-17E9-42F0-8DE3-18584E92B3F6}.Debug|Any CPU.ActiveCfg = Debug|Any CPU
		{06B81ADD-17E9-42F0-8DE3-18584E92B3F6}.Debug|Any CPU.Build.0 = Debug|Any CPU
		{06B81ADD-17E9-42F0-8DE3-18584E92B3F6}.Release|Any CPU.ActiveCfg = Release|Any CPU
		{06B81ADD-17E9-42F0-8DE3-18584E92B3F6}.Release|Any CPU.Build.0 = Release|Any CPU
	EndGlobalSection
	GlobalSection(SolutionProperties) = preSolution
		HideSolutionNode = FALSE
	EndGlobalSection
	GlobalSection(ExtensibilityGlobals) = postSolution
		SolutionGuid = {CB1103ED-8348-4A8D-9436-1AF97F5E187C}
	EndGlobalSection
EndGlobal
